
Microsoft Visual Studio Solution File, Format Version 12.00
# Visual Studio Version 17
VisualStudioVersion = 17.2.32630.192
MinimumVisualStudioVersion = 10.0.40219.1
Project("{FAE04EC0-301F-11D3-BF4B-00C04F79EFBC}") = "Conditionals2", "Conditionals2\Conditionals2.csproj", "{19929D8C-5FC6-4379-8DAE-DE3B34892823}"
EndProject
Global
	GlobalSection(SolutionConfigurationPlatforms) = preSolution
		Debug|Any CPU = Debug|Any CPU
		Release|Any CPU = Release|Any CPU
	EndGlobalSection
	GlobalSection(ProjectConfigurationPlatforms) = postSolution
		{19929D8C-5FC6-4379-8DAE-DE3B34892823}.Debug|Any CPU.ActiveCfg = Debug|Any CPU
		{19929D8C-5FC6-4379-8DAE-DE3B34892823}.Debug|Any CPU.Build.0 = Debug|Any CPU
		{19929D8C-5FC6-4379-8DAE-DE3B34892823}.Release|Any CPU.ActiveCfg = Release|Any CPU
		{19929D8C-5FC6-4379-8DAE-DE3B34892823}.Release|Any CPU.Build.0 = Release|Any CPU
	EndGlobalSection
	GlobalSection(SolutionProperties) = preSolution
		HideSolutionNode = FALSE
	EndGlobalSection
	GlobalSection(ExtensibilityGlobals) = postSolution
		SolutionGuid = {3C92D5CB-0BDB-4FAB-AF9F-F6E111D41EC2}
	EndGlobalSection
EndGlobal
